{
  "version": "5",
  "specifiers": {
    "jsr:@db/sqlite@0.12": "0.12.0",
    "jsr:@db/sqlite@0.12.0": "0.12.0",
    "jsr:@denosaurs/plug@1": "1.1.0",
    "jsr:@std/assert@0.217": "0.217.0",
    "jsr:@std/assert@1": "1.0.19",
    "jsr:@std/cli@*": "1.0.28",
    "jsr:@std/cli@^1.0.28": "1.0.28",
    "jsr:@std/encoding@1": "1.0.10",
    "jsr:@std/fmt@1": "1.0.9",
    "jsr:@std/fs@1": "1.0.23",
    "jsr:@std/internal@^1.0.12": "1.0.12",
    "jsr:@std/path@0.217": "0.217.0",
    "jsr:@std/path@1": "1.1.4",
    "jsr:@std/path@^1.1.4": "1.1.4",
    "npm:@noble/hashes@*": "1.8.0",
    "npm:@noble/hashes@^1.6.0": "1.8.0",
    "npm:json5@^2.2.3": "2.2.3",
    "npm:typescript@*": "5.9.3",
    "npm:typescript@^5.8.2": "5.9.3"
  },
  "jsr": {
    "@db/sqlite@0.12.0": {
      "integrity": "dd1ef7f621ad50fc1e073a1c3609c4470bd51edc0994139c5bf9851de7a6d85f",
      "dependencies": [
        "jsr:@denosaurs/plug",
        "jsr:@std/path@0.217"
      ]
    },
    "@denosaurs/plug@1.1.0": {
      "integrity": "eb2f0b7546c7bca2000d8b0282c54d50d91cf6d75cb26a80df25a6de8c4bc044",
      "dependencies": [
        "jsr:@std/encoding",
        "jsr:@std/fmt",
        "jsr:@std/fs",
        "jsr:@std/path@1"
      ]
    },
    "@std/assert@0.217.0": {
      "integrity": "c98e279362ca6982d5285c3b89517b757c1e3477ee9f14eb2fdf80a45aaa9642"
    },
    "@std/assert@1.0.19": {
      "integrity": "eaada96ee120cb980bc47e040f82814d786fe8162ecc53c91d8df60b8755991e",
      "dependencies": [
        "jsr:@std/internal"
      ]
    },
    "@std/cli@1.0.28": {
      "integrity": "74ef9b976db59ca6b23a5283469c9072be6276853807a83ec6c7ce412135c70a"
    },
    "@std/encoding@1.0.10": {
      "integrity": "8783c6384a2d13abd5e9e87a7ae0520a30e9f56aeeaa3bdf910a3eaaf5c811a1"
    },
    "@std/fmt@1.0.9": {
      "integrity": "2487343e8899fb2be5d0e3d35013e54477ada198854e52dd05ed0422eddcabe0"
    },
    "@std/fs@1.0.23": {
      "integrity": "3ecbae4ce4fee03b180fa710caff36bb5adb66631c46a6460aaad49515565a37",
      "dependencies": [
        "jsr:@std/internal",
        "jsr:@std/path@^1.1.4"
      ]
    },
    "@std/internal@1.0.12": {
      "integrity": "972a634fd5bc34b242024402972cd5143eac68d8dffaca5eaa4dba30ce17b027"
    },
    "@std/path@0.217.0": {
      "integrity": "1217cc25534bca9a2f672d7fe7c6f356e4027df400c0e85c0ef3e4343bc67d11",
      "dependencies": [
        "jsr:@std/assert@0.217"
      ]
    },
    "@std/path@1.1.4": {
      "integrity": "1d2d43f39efb1b42f0b1882a25486647cb851481862dc7313390b2bb044314b5",
      "dependencies": [
        "jsr:@std/internal"
      ]
    }
  },
  "npm": {
    "@noble/hashes@1.8.0": {
      "integrity": "sha512-jCs9ldd7NwzpgXDIf6P3+NrHh9/sD6CQdxHyjQI+h/6rDNo88ypBxxz45UDuZHz9r3tNz7N/VInSVoVdtXEI4A=="
    },
    "json5@2.2.3": {
      "integrity": "sha512-XmOWe7eyHYH14cLdVPoyg+GOH3rYX++KpzrylJwSW98t3Nk+U8XOl8FWKOgwtzdb8lXGf6zYwDUzeHMWfxasyg==",
      "bin": true
    },
    "typescript@5.9.3": {
      "integrity": "sha512-jl1vZzPDinLr9eUt3J/t7V6FgNEw9QjvBPdysz9KfQDD41fQrC2Y4vKQdiaUpFT4bXlb1RHhLpp8wtm6M5TgSw==",
      "bin": true
    }
  },
  "remote": {
    "http://localhost:7483/a/14/3w/h6ypm6amtcb03kc9ct4fe.ts": "2e71a87c3c3cd940ddcc8754bfe729d002513dcb4570f41dae7b70060d2f1f6d",
    "http://localhost:7483/a/14/qr/kbi7koq5pvomncdsiajbz.ts": "4e3d61b76f3e83c544a53d5e3c6d9652988fe6e9ad6c9cbe99a102c8088d00f5",
    "http://localhost:7483/a/16/hn/8ni90ms07rc0rvmlukzw2.ts": "96de63b0d3c5bcb402ad60337a19d5574087567a9216dcf4b0a19d3e9f22521f",
    "http://localhost:7483/a/18/lg/9zd68x8ph4r7k9e30mdff.ts": "613a467bc33db3bd889c05910e6c97070d803ce6031fddb380f7d79a39a26787",
    "http://localhost:7483/a/19/dv/3to6qf4tv5jnx3pscw68x.ts": "0d6115ce273f655dee6ad7606021bacd921a0053d6a881ab6d66deeaede1f1fb",
    "http://localhost:7483/a/1c/k1/d02y5dlf15rzjczfpt6fz.ts": "409a3fc8372e49f585edb5664f5acf95b35b1248ca954946f0c729cd7849d0e7",
    "http://localhost:7483/a/1l/bs/4jdy5ajqgixy1w35913j2.ts": "b393fd39a09fcbd0c27455ab9cd1090ffefc0ca1e50a96287f60d3eace21cd34",
    "http://localhost:7483/a/1n/pe/au5yyh4g6jfsb5y6oacxj.ts": "d3ea164b06bb750a7de95e99dd0264488c455ffa13a2e33e12401df705761bd7",
    "http://localhost:7483/a/1n/qe/6hgcpc7yaatb3q16slp78.ts": "f4859bc8008a76de9b9444524eb6518185b269dc7a4893aeaff8f4460846e38e",
    "http://localhost:7483/a/1q/gk/bat3ophaukxcjoquy3x40.ts": "dba535f3af1d49d2fae33b4121d6b15ff32aa0e486e23fcf2ebf63f22b3ccc45",
    "http://localhost:7483/a/21/ge/b2sogbqbggxx2gcwbvv7z.ts": "cbd3aae1e08f0ce8ac1b6ac762b1ca5ec11f7d88d114a160a4a6c51201c04f1b",
    "http://localhost:7483/a/23/2b/31b6xkpmz93thowgnrap0.ts": "edbf41f792112f74f41d6e17cca44e826a4c57b5562923568a7ba39b6ce9667b",
    "http://localhost:7483/a/24/7s/55p19t56p83chtsyu7gj0.ts": "8ff18484f6a804381ebd9fda500e0ad11cc4e348df71984f7defc6b51df7681c",
    "http://localhost:7483/a/2m/zw/9nkhq84kwzssv98dr50w4.ts": "c86d9cff48c3482fdcdfa64684c6b6e876bda5b1b027c8ad46c34e5403f4eb59",
    "http://localhost:7483/a/2s/o4/i6ogl1pur79q9wphpy9wv.ts": "c650d91f18c6c24c1ad635bb9f8a8f4c2e119dbeb5fca1a1f5ca8b44d7c32289",
    "http://localhost:7483/a/2x/js/rqyiclpgqslyxgvq1larx.ts": "df71fc3953105373e5f34caab4f997914eb7112025abb7ac3e788b2949a8f567",
    "http://localhost:7483/a/48/yh/5jn0jor4m0cdp3zrx7g9s.ts": "70ee6ecf32e103d81c96e21e76abff83d8f82c453b46511f142bd5f29a5c75ab",
    "http://localhost:7483/a/4s/w2/1x146ptufi4xbxvzim5qj.ts": "7e3566fd45dfe4ac936f464c02c5325a77e80ea1958d59d36846c158041b9bb6",
    "http://localhost:7483/a/c7/4v/wep3v1pmgoxh2b5xejrg2.ts": "3c4a2e2a0a6bf84c5e216d11281fd0f54041f853bf9aa9fb1530f3e469cfbdb8",
    "http://localhost:7483/a/jd/b8/q3h0yvuoy387m5epeyivd.ts": "82a1db5926be5bf2b4fd3021e94a7854f1c28c8c1fb51ce97d8050c1777d80cb",
    "https://gist.githubusercontent.com/voltrevo/9b43879241ac741454bc18561bd50855/raw/sieve.ts": "da66150a5cf38326307a12e2cf895c919a4c3543cc42b6de148a6641033b1555",
    "https://gist.githubusercontent.com/voltrevo/b67531a2f295b3e12b7aefaab36afb05/raw/sieve.ts": "da66150a5cf38326307a12e2cf895c919a4c3543cc42b6de148a6641033b1555",
    "https://gist.githubusercontent.com/voltrevo/c9ac802608c5fa259944429ed3bbd80f/raw/gist-test.ts": "f53adec6ae2a4581ddf0345a088e7830e1b23a427f5e193ee9049e224fdfb5c0"
  },
  "workspace": {
    "dependencies": [
      "jsr:@db/sqlite@0.12",
      "jsr:@std/assert@1",
      "jsr:@std/cli@^1.0.28",
      "npm:@noble/hashes@^1.6.0",
      "npm:json5@^2.2.3",
      "npm:typescript@^5.8.2"
    ]
  }
}
